// !$*UTF8*$!
{
	archiveVersion = 1;
	classes = {
	};
	objectVersion = 46;
	objects = {

/* Begin PBXBuildFile section */
		181B3D481C43B0C500B7CB0D /* main.m in Sources */ = {isa = PBXBuildFile; fileRef = 181B3D471C43B0C500B7CB0D /* main.m */; };
		181B3D4B1C43B0C500B7CB0D /* AppDelegate.m in Sources */ = {isa = PBXBuildFile; fileRef = 181B3D4A1C43B0C500B7CB0D /* AppDelegate.m */; };
		181B3D4E1C43B0C500B7CB0D /* ViewController.m in Sources */ = {isa = PBXBuildFile; fileRef = 181B3D4D1C43B0C500B7CB0D /* ViewController.m */; };
		181B3D511C43B0C500B7CB0D /* Main.storyboard in Resources */ = {isa = PBXBuildFile; fileRef = 181B3D4F1C43B0C500B7CB0D /* Main.storyboard */; };
		181B3D531C43B0C500B7CB0D /* Images.xcassets in Resources */ = {isa = PBXBuildFile; fileRef = 181B3D521C43B0C500B7CB0D /* Images.xcassets */; };
		181B3D561C43B0C500B7CB0D /* LaunchScreen.xib in Resources */ = {isa = PBXBuildFile; fileRef = 181B3D541C43B0C500B7CB0D /* LaunchScreen.xib */; };
		181B3D621C43B0C500B7CB0D /* UITableView4Tests.m in Sources */ = {isa = PBXBuildFile; fileRef = 181B3D611C43B0C500B7CB0D /* UITableView4Tests.m */; };
/* End PBXBuildFile section */

/* Begin PBXContainerItemProxy section */
		181B3D5C1C43B0C500B7CB0D /* PBXContainerItemProxy */ = {
			isa = PBXContainerItemProxy;
			containerPortal = 181B3D3A1C43B0C500B7CB0D /* Project object */;
			proxyType = 1;
			remoteGlobalIDString = 181B3D411C43B0C500B7CB0D;
			remoteInfo = UITableView4;
		};
/* End PBXContainerItemProxy section */

/* Begin PBXFileReference section */
		181B3D421C43B0C500B7CB0D /* UITableView4.app */ = {isa = PBXFileReference; explicitFileType = wrapper.application; includeInIndex = 0; path = UITableView4.app; sourceTree = BUILT_PRODUCTS_DIR; };
		181B3D461C43B0C500B7CB0D /* Info.plist */ = {isa = PBXFileReference; lastKnownFileType = text.plist.xml; path = Info.plist; sourceTree = "<group>"; };
		181B3D471C43B0C500B7CB0D /* main.m */ = {isa = PBXFileReference; lastKnownFileType = sourcecode.c.objc; path = main.m; sourceTree = "<group>"; };
		181B3D491C43B0C500B7CB0D /* AppDelegate.h */ = {isa = PBXFileReference; lastKnownFileType = sourcecode.c.h; path = AppDelegate.h; sourceTree = "<group>"; };
		181B3D4A1C43B0C500B7CB0D /* AppDelegate.m */ = {isa = PBXFileReference; lastKnownFileType = sourcecode.c.objc; path = AppDelegate.m; sourceTree = "<group>"; };
		181B3D4C1C43B0C500B7CB0D /* ViewController.h */ = {isa = PBXFileReference; lastKnownFileType = sourcecode.c.h; path = ViewController.h; sourceTree = "<group>"; };
		181B3D4D1C43B0C500B7CB0D /* ViewController.m */ = {isa = PBXFileReference; lastKnownFileType = sourcecode.c.objc; path = ViewController.m; sourceTree = "<group>"; };
		181B3D501C43B0C500B7CB0D /* Base */ = {isa = PBXFileReference; lastKnownFileType = file.storyboard; name = Base; path = Base.lproj/Main.storyboard; sourceTree = "<group>"; };
		181B3D521C43B0C500B7CB0D /* Images.xcassets */ = {isa = PBXFileReference; lastKnownFileType = folder.assetcatalog; path = Images.xcassets; sourceTree = "<group>"; };
		181B3D551C43B0C500B7CB0D /* Base */ = {isa = PBXFileReference; lastKnownFileType = file.xib; name = Base; path = Base.lproj/LaunchScreen.xib; sourceTree = "<group>"; };
		181B3D5B1C43B0C500B7CB0D /* UITableView4Tests.xctest */ = {isa = PBXFileReference; explicitFileType = wrapper.cfbundle; includeInIndex = 0; path = UITableView4Tests.xctest; sourceTree = BUILT_PRODUCTS_DIR; };
		181B3D601C43B0C500B7CB0D /* Info.plist */ = {isa = PBXFileReference; lastKnownFileType = text.plist.xml; path = Info.plist; sourceTree = "<group>"; };
		181B3D611C43B0C500B7CB0D /* UITableView4Tests.m */ = {isa = PBXFileReference; lastKnownFileType = sourcecode.c.objc; path = UITableView4Tests.m; sourceTree = "<group>"; };
/* End PBXFileReference section */

/* Begin PBXFrameworksBuildPhase section */
		181B3D3F1C43B0C500B7CB0D /* Frameworks */ = {
			isa = PBXFrameworksBuildPhase;
			buildActionMask = 2147483647;
			files = (
			);
			runOnlyForDeploymentPostprocessing = 0;
		};
		181B3D581C43B0C500B7CB0D /* Frameworks */ = {
			isa = PBXFrameworksBuildPhase;
			buildActionMask = 2147483647;
			files = (
			);
			runOnlyForDeploymentPostprocessing = 0;
		};
/* End PBXFrameworksBuildPhase section */

/* Begin PBXGroup section */
		181B3D391C43B0C500B7CB0D = {
			isa = PBXGroup;
			children = (
				181B3D441C43B0C500B7CB0D /* UITableView4 */,
				181B3D5E1C43B0C500B7CB0D /* UITableView4Tests */,
				181B3D431C43B0C500B7CB0D /* Products */,
			);
			sourceTree = "<group>";
		};
		181B3D431C43B0C500B7CB0D /* Products */ = {
			isa = PBXGroup;
			children = (
				181B3D421C43B0C500B7CB0D /* UITableView4.app */,
				181B3D5B1C43B0C500B7CB0D /* UITableView4Tests.xctest */,
			);
			name = Products;
			sourceTree = "<group>";
		};
		181B3D441C43B0C500B7CB0D /* UITableView4 */ = {
			isa = PBXGroup;
			children = (
				181B3D491C43B0C500B7CB0D /* AppDelegate.h */,
				181B3D4A1C43B0C500B7CB0D /* AppDelegate.m */,
				181B3D4C1C43B0C500B7CB0D /* ViewController.h */,
				181B3D4D1C43B0C500B7CB0D /* ViewController.m */,
				181B3D4F1C43B0C500B7CB0D /* Main.storyboard */,
				181B3D521C43B0C500B7CB0D /* Images.xcassets */,
				181B3D541C43B0C500B7CB0D /* LaunchScreen.xib */,
				181B3D451C43B0C500B7CB0D /* Supporting Files */,
			);
			path = UITableView4;
			sourceTree = "<group>";
		};
		181B3D451C43B0C500B7CB0D /* Supporting Files */ = {
			isa = PBXGroup;
			children = (
				181B3D461C43B0C500B7CB0D /* Info.plist */,
				181B3D471C43B0C500B7CB0D /* main.m */,
			);
			name = "Supporting Files";
			sourceTree = "<group>";
		};
		181B3D5E1C43B0C500B7CB0D /* UITableView4Tests */ = {
			isa = PBXGroup;
			children = (
				181B3D611C43B0C500B7CB0D /* UITableView4Tests.m */,
				181B3D5F1C43B0C500B7CB0D /* Supporting Files */,
			);
			path = UITableView4Tests;
			sourceTree = "<group>";
		};
		181B3D5F1C43B0C500B7CB0D /* Supporting Files */ = {
			isa = PBXGroup;
			children = (
				181B3D601C43B0C500B7CB0D /* Info.plist */,
			);
			name = "Supporting Files";
			sourceTree = "<group>";
		};
/* End PBXGroup section */

/* Begin PBXNativeTarget section */
		181B3D411C43B0C500B7CB0D /* UITableView4 */ = {
			isa = PBXNativeTarget;
			buildConfigurationList = 181B3D651C43B0C500B7CB0D /* Build configuration list for PBXNativeTarget "UITableView4" */;
			buildPhases = (
				181B3D3E1C43B0C500B7CB0D /* Sources */,
				181B3D3F1C43B0C500B7CB0D /* Frameworks */,
				181B3D401C43B0C500B7CB0D /* Resources */,
			);
			buildRules = (
			);
			dependencies = (
			);
			name = UITableView4;
			productName = UITableView4;
			productReference = 181B3D421C43B0C500B7CB0D /* UITableView4.app */;
			productType = "com.apple.product-type.application";
		};
		181B3D5A1C43B0C500B7CB0D /* UITableView4Tests */ = {
			isa = PBXNativeTarget;
			buildConfigurationList = 181B3D681C43B0C500B7CB0D /* Build configuration list for PBXNativeTarget "UITableView4Tests" */;
			buildPhases = (
				181B3D571C43B0C500B7CB0D /* Sources */,
				181B3D581C43B0C500B7CB0D /* Frameworks */,
				181B3D591C43B0C500B7CB0D /* Resources */,
			);
			buildRules = (
			);
			dependencies = (
				181B3D5D1C43B0C500B7CB0D /* PBXTargetDependency */,
			);
			name = UITableView4Tests;
			productName = UITableView4Tests;
			productReference = 181B3D5B1C43B0C500B7CB0D /* UITableView4Tests.xctest */;
			productType = "com.apple.product-type.bundle.unit-test";
		};
/* End PBXNativeTarget section */

/* Begin PBXProject section */
		181B3D3A1C43B0C500B7CB0D /* Project object */ = {
			isa = PBXProject;
			attributes = {
				LastUpgradeCheck = 0620;
				ORGANIZATIONNAME = AMOSC;
				TargetAttributes = {
					181B3D411C43B0C500B7CB0D = {
						CreatedOnToolsVersion = 6.2;
					};
					181B3D5A1C43B0C500B7CB0D = {
						CreatedOnToolsVersion = 6.2;
						TestTargetID = 181B3D411C43B0C500B7CB0D;
					};
				};
			};
			buildConfigurationList = 181B3D3D1C43B0C500B7CB0D /* Build configuration list for PBXProject "UITableView4" */;
			compatibilityVersion = "Xcode 3.2";
			developmentRegion = English;
			hasScannedForEncodings = 0;
			knownRegions = (
				en,
				Base,
			);
			mainGroup = 181B3D391C43B0C500B7CB0D;
			productRefGroup = 181B3D431C43B0C500B7CB0D /* Products */;
			projectDirPath = "";
			projectRoot = "";
			targets = (
				181B3D411C43B0C500B7CB0D /* UITableView4 */,
				181B3D5A1C43B0C500B7CB0D /* UITableView4Tests */,
			);
		};
/* End PBXProject section */

/* Begin PBXResourcesBuildPhase section */
		181B3D401C43B0C500B7CB0D /* Resources */ = {
			isa = PBXResourcesBuildPhase;
			buildActionMask = 2147483647;
			files = (
				181B3D511C43B0C500B7CB0D /* Main.storyboard in Resources */,
				181B3D561C43B0C500B7CB0D /* LaunchScreen.xib in Resources */,
				181B3D531C43B0C500B7CB0D /* Images.xcassets in Resources */,
			);
			runOnlyForDeploymentPostprocessing = 0;
		};
		181B3D591C43B0C500B7CB0D /* Resources */ = {
			isa = PBXResourcesBuildPhase;
			buildActionMask = 2147483647;
			files = (
			);
			runOnlyForDeploymentPostprocessing = 0;
		};
/* End PBXResourcesBuildPhase section */

/* Begin PBXSourcesBuildPhase section */
		181B3D3E1C43B0C500B7CB0D /* Sources */ = {
			isa = PBXSourcesBuildPhase;
			buildActionMask = 2147483647;
			files = (
				181B3D4E1C43B0C500B7CB0D /* ViewController.m in Sources */,
				181B3D4B1C43B0C500B7CB0D /* AppDelegate.m in Sources */,
				181B3D481C43B0C500B7CB0D /* main.m in Sources */,
			);
			runOnlyForDeploymentPostprocessing = 0;
		};
		181B3D571C43B0C500B7CB0D /* Sources */ = {
			isa = PBXSourcesBuildPhase;
			buildActionMask = 2147483647;
			files = (
				181B3D621C43B0C500B7CB0D /* UITableView4Tests.m in Sources */,
			);
			runOnlyForDeploymentPostprocessing = 0;
		};
/* End PBXSourcesBuildPhase section */

/* Begin PBXTargetDependency section */
		181B3D5D1C43B0C500B7CB0D /* PBXTargetDependency */ = {
			isa = PBXTargetDependency;
			target = 181B3D411C43B0C500B7CB0D /* UITableView4 */;
			targetProxy = 181B3D5C1C43B0C500B7CB0D /* PBXContainerItemProxy */;
		};
/* End PBXTargetDependency section */

/* Begin PBXVariantGroup section */
		181B3D4F1C43B0C500B7CB0D /* Main.storyboard */ = {
			isa = PBXVariantGroup;
			children = (
				181B3D501C43B0C500B7CB0D /* Base */,
			);
			name = Main.storyboard;
			sourceTree = "<group>";
		};
		181B3D541C43B0C500B7CB0D /* LaunchScreen.xib */ = {
			isa = PBXVariantGroup;
			children = (
				181B3D551C43B0C500B7CB0D /* Base */,
			);
			name = LaunchScreen.xib;
			sourceTree = "<group>";
		};
/* End PBXVariantGroup section */

/* Begin XCBuildConfiguration section */
		181B3D631C43B0C500B7CB0D /* Debug */ = {
			isa = XCBuildConfiguration;
			buildSettings = {
				ALWAYS_SEARCH_USER_PATHS = NO;
				CLANG_CXX_LANGUAGE_STANDARD = "gnu++0x";
				CLANG_CXX_LIBRARY = "libc++";
				CLANG_ENABLE_MODULES = YES;
				CLANG_ENABLE_OBJC_ARC = YES;
				CLANG_WARN_BOOL_CONVERSION = YES;
				CLANG_WARN_CONSTANT_CONVERSION = YES;
				CLANG_WARN_DIRECT_OBJC_ISA_USAGE = YES_ERROR;
				CLANG_WARN_EMPTY_BODY = YES;
				CLANG_WARN_ENUM_CONVERSION = YES;
				CLANG_WARN_INT_CONVERSION = YES;
				CLANG_WARN_OBJC_ROOT_CLASS = YES_ERROR;
				CLANG_WARN_UNREACHABLE_CODE = YES;
				CLANG_WARN__DUPLICATE_METHOD_MATCH = YES;
				"CODE_SIGN_IDENTITY[sdk=iphoneos*]" = "iPhone Developer";
				COPY_PHASE_STRIP = NO;
				ENABLE_STRICT_OBJC_MSGSEND = YES;
				GCC_C_LANGUAGE_STANDARD = gnu99;
				GCC_DYNAMIC_NO_PIC = NO;
				GCC_OPTIMIZATION_LEVEL = 0;
				GCC_PREPROCESSOR_DEFINITIONS = (
					"DEBUG=1",
					"$(inherited)",
				);
				GCC_SYMBOLS_PRIVATE_EXTERN = NO;
				GCC_WARN_64_TO_32_BIT_CONVERSION = YES;
				GCC_WARN_ABOUT_RETURN_TYPE = YES_ERROR;
				GCC_WARN_UNDECLARED_SELECTOR = YES;
				GCC_WARN_UNINITIALIZED_AUTOS = YES_AGGRESSIVE;
				GCC_WARN_UNUSED_FUNCTION = YES;
				GCC_WARN_UNUSED_VARIABLE = YES;
				IPHONEOS_DEPLOYMENT_TARGET = 8.2;
				MTL_ENABLE_DEBUG_INFO = YES;
				ONLY_ACTIVE_ARCH = YES;
				SDKROOT = iphoneos;
			};
			name = Debug;
		};
		181B3D641C43B0C500B7CB0D /* Release */ = {
			isa = XCBuildConfiguration;
			buildSettings = {
				ALWAYS_SEARCH_USER_PATHS = NO;
				CLANG_CXX_LANGUAGE_STANDARD = "gnu++0x";
				CLANG_CXX_LIBRARY = "libc++";
				CLANG_ENABLE_MODULES = YES;
				CLANG_ENABLE_OBJC_ARC = YES;
				CLANG_WARN_BOOL_CONVERSION = YES;
				CLANG_WARN_CONSTANT_CONVERSION = YES;
				CLANG_WARN_DIRECT_OBJC_ISA_USAGE = YES_ERROR;
				CLANG_WARN_EMPTY_BODY = YES;
				CLANG_WARN_ENUM_CONVERSION = YES;
				CLANG_WARN_INT_CONVERSION = YES;
				CLANG_WARN_OBJC_ROOT_CLASS = YES_ERROR;
				CLANG_WARN_UNREACHABLE_CODE = YES;
				CLANG_WARN__DUPLICATE_METHOD_MATCH = YES;
				"CODE_SIGN_IDENTITY[sdk=iphoneos*]" = "iPhone Developer";
				COPY_PHASE_STRIP = NO;
				ENABLE_NS_ASSERTIONS = NO;
				ENABLE_STRICT_OBJC_MSGSEND = YES;
				GCC_C_LANGUAGE_STANDARD = gnu99;
				GCC_WARN_64_TO_32_BIT_CONVERSION = YES;
				GCC_WARN_ABOUT_RETURN_TYPE = YES_ERROR;
				GCC_WARN_UNDECLARED_SELECTOR = YES;
				GCC_WARN_UNINITIALIZED_AUTOS = YES_AGGRESSIVE;
				GCC_WARN_UNUSED_FUNCTION = YES;
				GCC_WARN_UNUSED_VARIABLE = YES;
				IPHONEOS_DEPLOYMENT_TARGET = 8.2;
				MTL_ENABLE_DEBUG_INFO = NO;
				SDKROOT = iphoneos;
				VALIDATE_PRODUCT = YES;
			};
			name = Release;
		};
		181B3D661C43B0C500B7CB0D /* Debug */ = {
			isa = XCBuildConfiguration;
			buildSettings = {
				ASSETCATALOG_COMPILER_APPICON_NAME = AppIcon;
				INFOPLIST_FILE = UITableView4/Info.plist;
				LD_RUNPATH_SEARCH_PATHS = "$(inherited) @executable_path/Frameworks";
				PRODUCT_NAME = "$(TARGET_NAME)";
			};
			name = Debug;
		};
		181B3D671C43B0C500B7CB0D /* Release */ = {
			isa = XCBuildConfiguration;
			buildSettings = {
				ASSETCATALOG_COMPILER_APPICON_NAME = AppIcon;
				INFOPLIST_FILE = UITableView4/Info.plist;
				LD_RUNPATH_SEARCH_PATHS = "$(inherited) @executable_path/Frameworks";
				PRODUCT_NAME = "$(TARGET_NAME)";
			};
			name = Release;
		};
		181B3D691C43B0C500B7CB0D /* Debug */ = {
			isa = XCBuildConfiguration;
			buildSettings = {
				BUNDLE_LOADER = "$(TEST_HOST)";
				FRAMEWORK_SEARCH_PATHS = (
					"$(SDKROOT)/Developer/Library/Frameworks",
					"$(inherited)",
				);
				GCC_PREPROCESSOR_DEFINITIONS = (
					"DEBUG=1",
					"$(inherited)",
				);
				INFOPLIST_FILE = UITableView4Tests/Info.plist;
				LD_RUNPATH_SEARCH_PATHS = "$(inherited) @executable_path/Frameworks @loader_path/Frameworks";
				PRODUCT_NAME = "$(TARGET_NAME)";
				TEST_HOST = "$(BUILT_PRODUCTS_DIR)/UITableView4.app/UITableView4";
			};
			name = Debug;
		};
		181B3D6A1C43B0C500B7CB0D /* Release */ = {
			isa = XCBuildConfiguration;
			buildSettings = {
				BUNDLE_LOADER = "$(TEST_HOST)";
				FRAMEWORK_SEARCH_PATHS = (
					"$(SDKROOT)/Developer/Library/Frameworks",
					"$(inherited)",
				);
				INFOPLIST_FILE = UITableView4Tests/Info.plist;
				LD_RUNPATH_SEARCH_PATHS = "$(inherited) @executable_path/Frameworks @loader_path/Frameworks";
				PRODUCT_NAME = "$(TARGET_NAME)";
				TEST_HOST = "$(BUILT_PRODUCTS_DIR)/UITableView4.app/UITableView4";
			};
			name = Release;
		};
/* End XCBuildConfiguration section */

/* Begin XCConfigurationList section */
		181B3D3D1C43B0C500B7CB0D /* Build configuration list for PBXProject "UITableView4" */ = {
			isa = XCConfigurationList;
			buildConfigurations = (
				181B3D631C43B0C500B7CB0D /* Debug */,
				181B3D641C43B0C500B7CB0D /* Release */,
			);
			defaultConfigurationIsVisible = 0;
			defaultConfigurationName = Release;
		};
		181B3D651C43B0C500B7CB0D /* Build configuration list for PBXNativeTarget "UITableView4" */ = {
			isa = XCConfigurationList;
			buildConfigurations = (
				181B3D661C43B0C500B7CB0D /* Debug */,
				181B3D671C43B0C500B7CB0D /* Release */,
			);
			defaultConfigurationIsVisible = 0;
		};
		181B3D681C43B0C500B7CB0D /* Build configuration list for PBXNativeTarget "UITableView4Tests" */ = {
			isa = XCConfigurationList;
			buildConfigurations = (
				181B3D691C43B0C500B7CB0D /* Debug */,
				181B3D6A1C43B0C500B7CB0D /* Release */,
			);
			defaultConfigurationIsVisible = 0;
		};
/* End XCConfigurationList section */
	};
	rootObject = 181B3D3A1C43B0C500B7CB0D /* Project object */;
}
